{
  "lockfile_version": "1",
  "packages": {
    "bat@0.24.0": {
      "last_modified": "2024-12-23T21:10:33Z",
      "resolved": "github:NixOS/nixpkgs/de1864217bfa9b5845f465e771e0ecb48b30e02d#bat",
      "source": "devbox-search",
      "version": "0.24.0",
      "systems": {
        "aarch64-darwin": {
          "outputs": [
            {
              "name": "out",
              "path": "/nix/store/ji62ssis7jbfh2fb3xd5iwyj4n1cizk5-bat-0.24.0",
              "default": true
            }
          ],
          "store_path": "/nix/store/ji62ssis7jbfh2fb3xd5iwyj4n1cizk5-bat-0.24.0"
        },
        "aarch64-linux": {
          "outputs": [
            {
              "name": "out",
              "path": "/nix/store/rcq4cvwzz5z10lb2iafxz7dpqlhfz788-bat-0.24.0",
              "default": true
            }
          ],
          "store_path": "/nix/store/rcq4cvwzz5z10lb2iafxz7dpqlhfz788-bat-0.24.0"
        },
        "x86_64-darwin": {
          "outputs": [
            {
              "name": "out",
              "path": "/nix/store/hwi5ynxsvrfny50gsnws3dxr9ajybp76-bat-0.24.0",
              "default": true
            }
          ],
          "store_path": "/nix/store/hwi5ynxsvrfny50gsnws3dxr9ajybp76-bat-0.24.0"
        },
        "x86_64-linux": {
          "outputs": [
            {
              "name": "out",
              "path": "/nix/store/s01ih05das85a4w59f1fdsh1cra5svcv-bat-0.24.0",
              "default": true
            }
          ],
          "store_path": "/nix/store/s01ih05das85a4w59f1fdsh1cra5svcv-bat-0.24.0"
        }
      }
    },
    "commitizen@3.29.1": {
      "last_modified": "2024-10-13T23:44:06Z",
      "resolved": "github:NixOS/nixpkgs/d4f247e89f6e10120f911e2e2d2254a050d0f732#commitizen",
      "source": "devbox-search",
      "version": "3.29.1",
      "systems": {
        "aarch64-darwin": {
          "outputs": [
            {
              "name": "out",
              "path": "/nix/store/vzzr8lv9d6fq453v0qv04cc55ai2f1ly-python3.12-commitizen-3.29.1",
              "default": true
            },
            {
              "name": "dist",
              "path": "/nix/store/r8ajkdpcvjqblk92crigynhlvrkklbcc-python3.12-commitizen-3.29.1-dist"
            }
          ],
          "store_path": "/nix/store/vzzr8lv9d6fq453v0qv04cc55ai2f1ly-python3.12-commitizen-3.29.1"
        },
        "aarch64-linux": {
          "outputs": [
            {
              "name": "out",
              "path": "/nix/store/vbgj0s1irprzh0iksywxm9yvpg0ngp58-python3.12-commitizen-3.29.1",
              "default": true
            },
            {
              "name": "dist",
              "path": "/nix/store/ja5iwi1vamyh9w2prry5wj4s2z3x1l1z-python3.12-commitizen-3.29.1-dist"
            }
          ],
          "store_path": "/nix/store/vbgj0s1irprzh0iksywxm9yvpg0ngp58-python3.12-commitizen-3.29.1"
        },
        "x86_64-darwin": {
          "outputs": [
            {
              "name": "out",
              "path": "/nix/store/cms9nw2pw8cnmb2wbir04y0afz0kyf3r-python3.12-commitizen-3.29.1",
              "default": true
            },
            {
              "name": "dist",
              "path": "/nix/store/yxczp0isnh5vfdd63k3cs5146ngmpa4r-python3.12-commitizen-3.29.1-dist"
            }
          ],
          "store_path": "/nix/store/cms9nw2pw8cnmb2wbir04y0afz0kyf3r-python3.12-commitizen-3.29.1"
        },
        "x86_64-linux": {
          "outputs": [
            {
              "name": "out",
              "path": "/nix/store/pycspd41mfg98vz24j5224v8zx09l90k-python3.12-commitizen-3.29.1",
              "default": true
            },
            {
              "name": "dist",
              "path": "/nix/store/5xzmn904id1mhdmriyrl5vjdg1rknlj4-python3.12-commitizen-3.29.1-dist"
            }
          ],
          "store_path": "/nix/store/pycspd41mfg98vz24j5224v8zx09l90k-python3.12-commitizen-3.29.1"
        }
      }
    },
    "fd@latest": {
      "last_modified": "2026-08-01T16:34:20Z",
      "resolved": "github:NixOS/nixpkgs/a5cbcfe954791221bfffe2307f7d1a1bf61a871e#fd",
      "source": "devbox-search",
      "version": "10.4.2",
      "systems": {
        "aarch64-darwin": {
          "outputs": [
            {
              "name": "out",
              "path": "/nix/store/03lwcxras7m5h3bb9f1fjkx9vvyvgkzr-fd-10.4.2",
              "default": true
            }
          ],
          "store_path": "/nix/store/03lwcxras7m5h3bb9f1fjkx9vvyvgkzr-fd-10.4.2"
        },
        "aarch64-linux": {
          "outputs": [
            {
              "name": "out",
              "path": "/nix/store/w6qb4ammhiyvs1w99caa0p2zjy7hb4qj-fd-10.4.2",
              "default": true
            }
          ],
          "store_path": "/nix/store/w6qb4ammhiyvs1w99caa0p2zjy7hb4qj-fd-10.4.2"
        },
        "x86_64-darwin": {
          "outputs": [
            {
              "name": "out",
              "path": "/nix/store/5ychmf2vmgws4qxs0cb6jjxgkhnvwk9n-fd-10.4.2",
              "default": true
            }
          ],
          "store_path": "/nix/store/5ychmf2vmgws4qxs0cb6jjxgkhnvwk9n-fd-10.4.2"
        },
        "x86_64-linux": {
          "outputs": [
            {
              "name": "out",
              "path": "/nix/store/pjpj3xq6z701ch47arqyw6zwymbqqlal-fd-10.4.2",
              "default": true
            }
          ],
          "store_path": "/nix/store/pjpj3xq6z701ch47arqyw6zwymbqqlal-fd-10.4.2"
        }
      }
    },
    "fzf@0.54.0": {
      "last_modified": "2024-07-10T00:27:26Z",
      "resolved": "github:NixOS/nixpkgs/16e401f01842c5bb2499e78c1fe227f939c0c474#fzf",
      "source": "devbox-search",
      "version": "0.54.0",
      "systems": {
        "aarch64-darwin": {
          "outputs": [
            {
              "name": "out",
              "path": "/nix/store/82z8gmhayfnf0mrfm701p9wvkpsh370x-fzf-0.54.0",
              "default": true
            },
            {
              "name": "man",
              "path": "/nix/store/zwlbs5qg4p96ilk2zr4lqvlhw5igy971-fzf-0.54.0-man",
              "default": true
            }
          ],
          "store_path": "/nix/store/82z8gmhayfnf0mrfm701p9wvkpsh370x-fzf-0.54.0"
        },
        "aarch64-linux": {
          "outputs": [
            {
              "name": "out",
              "path": "/nix/store/4bbbxwb7cca3b9yjygd24chy1vvqrv4m-fzf-0.54.0",
              "default": true
            },
            {
              "name": "man",
              "path": "/nix/store/by28751diq76ngdjai1x1ci1rfpz02ap-fzf-0.54.0-man",
              "default": true
            }
          ],
          "store_path": "/nix/store/4bbbxwb7cca3b9yjygd24chy1vvqrv4m-fzf-0.54.0"
        },
        "x86_64-darwin": {
          "outputs": [
            {
              "name": "out",
              "path": "/nix/store/6a7z4y6s81q2p907zhf8gi2pzxh8d332-fzf-0.54.0",
              "default": true
            },
            {
              "name": "man",
              "path": "/nix/store/ygkqrh2g6mszk92mc0wk9f1idhags2nb-fzf-0.54.0-man",
              "default": true
            }
          ],
          "store_path": "/nix/store/6a7z4y6s81q2p907zhf8gi2pzxh8d332-fzf-0.54.0"
        },
        "x86_64-linux": {
          "outputs": [
            {
              "name": "out",
              "path": "/nix/store/sk6wsgp4h477baxypksz9rl8ldwwh9yg-fzf-0.54.0",
              "default": true
            },
            {
              "name": "man",
              "path": "/nix/store/himbxiy36h7j09pcfvzzcyrvz4b6q1yy-fzf-0.54.0-man",
              "default": true
            }
          ],
          "store_path": "/nix/store/sk6wsgp4h477baxypksz9rl8ldwwh9yg-fzf-0.54.0"
        }
      }
    },
    "git-cliff@latest": {
      "last_modified": "2026-08-01T16:34:20Z",
      "resolved": "github:NixOS/nixpkgs/a5cbcfe954791221bfffe2307f7d1a1bf61a871e#git-cliff",
      "source": "devbox-search",
      "version": "2.13.1",
      "systems": {
        "aarch64-darwin": {
          "outputs": [
            {
              "name": "out",
              "path": "/nix/store/rc3j1fggv233lblaj7isml0qx1yx6ym0-git-cliff-2.13.1",
              "default": true
            }
          ],
          "store_path": "/nix/store/rc3j1fggv233lblaj7isml0qx1yx6ym0-git-cliff-2.13.1"
        },
        "aarch64-linux": {
          "outputs": [
            {
              "name": "out",
              "path": "/nix/store/i762070z37p963l5yal09y176hwx1489-git-cliff-2.13.1",
              "default": true
            }
          ],
          "store_path": "/nix/store/i762070z37p963l5yal09y176hwx1489-git-cliff-2.13.1"
        },
        "x86_64-darwin": {
          "outputs": [
            {
              "name": "out",
              "path": "/nix/store/655s0jga2a8a2721ivjkxy367qc15j1n-git-cliff-2.13.1",
              "default": true
            }
          ],
          "store_path": "/nix/store/655s0jga2a8a2721ivjkxy367qc15j1n-git-cliff-2.13.1"
        },
        "x86_64-linux": {
          "outputs": [
            {
              "name": "out",
              "path": "/nix/store/hchnh49mkf7shf9wn16ba93m0kj2fzsa-git-cliff-2.13.1",
              "default": true
            }
          ],
          "store_path": "/nix/store/hchnh49mkf7shf9wn16ba93m0kj2fzsa-git-cliff-2.13.1"
        }
      }
    },
    "git@latest": {
      "last_modified": "2026-08-01T16:34:20Z",
      "resolved": "github:NixOS/nixpkgs/a5cbcfe954791221bfffe2307f7d1a1bf61a871e#git",
      "source": "devbox-search",
      "version": "2.55.0",
      "systems": {
        "aarch64-darwin": {
          "outputs": [
            {
              "name": "out",
              "path": "/nix/store/rim5n939lwjc8mah63ld1q31i6n7bvf0-git-2.55.0",
              "default": true
            },
            {
              "name": "doc",
              "path": "/nix/store/y34pxb3x3h1gyvcfvanqlfjzm0c86cb4-git-2.55.0-doc"
            }
          ],
          "store_path": "/nix/store/rim5n939lwjc8mah63ld1q31i6n7bvf0-git-2.55.0"
        },
        "aarch64-linux": {
          "outputs": [
            {
              "name": "out",
              "path": "/nix/store/v2iradivx07xjqwk2q71i57pwxw6wh4g-git-2.55.0",
              "default": true
            },
            {
              "name": "debug",
              "path": "/nix/store/nsck4ncjjmdy8c5h83yw297c7xxv64xx-git-2.55.0-debug"
            },
            {
              "name": "doc",
              "path": "/nix/store/bz8bdi34lg4w10kxs9bm93658ary5rrz-git-2.55.0-doc"
            }
          ],
          "store_path": "/nix/store/v2iradivx07xjqwk2q71i57pwxw6wh4g-git-2.55.0"
        },
        "x86_64-linux": {
          "outputs": [
            {
              "name": "out",
              "path": "/nix/store/6f0qqak4qbcrbw4f750phr88c9yhpf5s-git-2.55.0",
              "default": true
            },
            {
              "name": "debug",
              "path": "/nix/store/rwiamhfaqkns90xsalafayg01afk3pza-git-2.55.0-debug"
            },
            {
              "name": "doc",
              "path": "/nix/store/bddpyi6cgkp3v8f58i900hymgfvkyag5-git-2.55.0-doc"
            }
          ],
          "store_path": "/nix/store/6f0qqak4qbcrbw4f750phr88c9yhpf5s-git-2.55.0"
        }
      }
    },
    "github:NixOS/nixpkgs/nixpkgs-unstable": {
      "last_modified": "2026-07-12T00:30:12Z",
      "resolved": "github:NixOS/nixpkgs/3b32825de172d0bc85664f495edb096b10862524?lastModified=1783816212&narHash=sha256-2aZisVTVGSFEk3MYcOiWQp3zvwyzbqpktB69Rcfp150%3D"
    },
    "gitleaks@latest": {
      "last_modified": "2026-08-01T16:34:20Z",
      "resolved": "github:NixOS/nixpkgs/a5cbcfe954791221bfffe2307f7d1a1bf61a871e#gitleaks",
      "source": "devbox-search",
      "version": "8.30.1",
      "systems": {
        "aarch64-darwin": {
          "outputs": [
            {
              "name": "out",
              "path": "/nix/store/cd1mdfxh9fkan85xfvfszp09z0pnrw92-gitleaks-8.30.1",
              "default": true
            }
          ],
          "store_path": "/nix/store/cd1mdfxh9fkan85xfvfszp09z0pnrw92-gitleaks-8.30.1"
        },
        "aarch64-linux": {
          "outputs": [
            {
              "name": "out",
              "path": "/nix/store/5ag1lvwd0faajnd1isazrjlmbys928x9-gitleaks-8.30.1",
              "default": true
            }
          ],
          "store_path": "/nix/store/5ag1lvwd0faajnd1isazrjlmbys928x9-gitleaks-8.30.1"
        },
        "x86_64-darwin": {
          "outputs": [
            {
              "name": "out",
              "path": "/nix/store/v5x4dkl13y4nxhcaq4xmrwkidy44gv9p-gitleaks-8.30.1",
              "default": true
            }
          ],
          "store_path": "/nix/store/v5x4dkl13y4nxhcaq4xmrwkidy44gv9p-gitleaks-8.30.1"
        },
        "x86_64-linux": {
          "outputs": [
            {
              "name": "out",
              "path": "/nix/store/fqjnjyp0l2ifa6a0pkc6v9v9l8ygwhkn-gitleaks-8.30.1",
              "default": true
            }
          ],
          "store_path": "/nix/store/fqjnjyp0l2ifa6a0pkc6v9v9l8ygwhkn-gitleaks-8.30.1"
        }
      }
    },
    "glow@1.5.1": {
      "last_modified": "2024-08-31T10:12:23Z",
      "resolved": "github:NixOS/nixpkgs/5629520edecb69630a3f4d17d3d33fc96c13f6fe#glow",
      "source": "devbox-search",
      "version": "1.5.1",
      "systems": {
        "aarch64-darwin": {
          "outputs": [
            {
              "name": "out",
              "path": "/nix/store/3x8n210xa1ryf0g153r0s4rc62zp2xdr-glow-1.5.1",
              "default": true
            }
          ],
          "store_path": "/nix/store/3x8n210xa1ryf0g153r0s4rc62zp2xdr-glow-1.5.1"
        },
        "aarch64-linux": {
          "outputs": [
            {
              "name": "out",
              "path": "/nix/store/g4rkg0yqckyrj7nvpdck49rp8y9hxirq-glow-1.5.1",
              "default": true
            }
          ],
          "store_path": "/nix/store/g4rkg0yqckyrj7nvpdck49rp8y9hxirq-glow-1.5.1"
        },
        "x86_64-darwin": {
          "outputs": [
            {
              "name": "out",
              "path": "/nix/store/s54kjpqy1hvk3lknwkpiicl5ygnvkgz7-glow-1.5.1",
              "default": true
            }
          ],
          "store_path": "/nix/store/s54kjpqy1hvk3lknwkpiicl5ygnvkgz7-glow-1.5.1"
        },
        "x86_64-linux": {
          "outputs": [
            {
              "name": "out",
              "path": "/nix/store/qqf9fqn8pq4dby8lbc9kz09zd80vrn8r-glow-1.5.1",
              "default": true
            }
          ],
          "store_path": "/nix/store/qqf9fqn8pq4dby8lbc9kz09zd80vrn8r-glow-1.5.1"
        }
      }
    },
    "jq@latest": {
      "last_modified": "2026-08-01T16:34:20Z",
      "resolved": "github:NixOS/nixpkgs/a5cbcfe954791221bfffe2307f7d1a1bf61a871e#jq",
      "source": "devbox-search",
      "version": "1.8.2",
      "systems": {
        "aarch64-darwin": {
          "outputs": [
            {
              "name": "bin",
              "path": "/nix/store/si622aj9znsy96kdwsrg54dxzp9m35qw-jq-1.8.2-bin",
              "default": true
            },
            {
              "name": "man",
              "path": "/nix/store/jp2c61il2ycagni1j5c1jrglnypvbf5k-jq-1.8.2-man",
              "default": true
            },
            {
              "name": "dev",
              "path": "/nix/store/zcvl9cnw5a44f74gw8aa8fh8cfynjc76-jq-1.8.2-dev"
            },
            {
              "name": "doc",
              "path": "/nix/store/4s66blj2afdqbzaq8ilw30v7kpjb6ypw-jq-1.8.2-doc"
            },
            {
              "name": "out",
              "path": "/nix/store/z28yr7h99fi3mch4dh3bc50bjk6malsl-jq-1.8.2"
            }
          ],
          "store_path": "/nix/store/si622aj9znsy96kdwsrg54dxzp9m35qw-jq-1.8.2-bin"
        },
        "aarch64-linux": {
          "outputs": [
            {
              "name": "bin",
              "path": "/nix/store/rjaclwgima9ssysv7v0h2hq46g8sikd4-jq-1.8.2-bin",
              "default": true
            },
            {
              "name": "man",
              "path": "/nix/store/1w15pijismpwnainv71a6pdnsypjnqg7-jq-1.8.2-man",
              "default": true
            },
            {
              "name": "dev",
              "path": "/nix/store/yy0mx8yjmzkk154mmp1vx4b0kz0ndw6y-jq-1.8.2-dev"
            },
            {
              "name": "doc",
              "path": "/nix/store/yqx0xva9dq6rnvxgwcadrmni1l8ympa1-jq-1.8.2-doc"
            },
            {
              "name": "out",
              "path": "/nix/store/0x995g1z807ynhzsh2f6yj0jsw6pr50f-jq-1.8.2"
            }
          ],
          "store_path": "/nix/store/rjaclwgima9ssysv7v0h2hq46g8sikd4-jq-1.8.2-bin"
        },
        "x86_64-linux": {
          "outputs": [
            {
              "name": "bin",
              "path": "/nix/store/4b6f9wb1qak318gk7mxlfkhril6lxpcx-jq-1.8.2-bin",
              "default": true
            },
            {
              "name": "man",
              "path": "/nix/store/4zwaa20khsi2drbg16i5z3wxbjf88mm6-jq-1.8.2-man",
              "default": true
            },
            {
              "name": "dev",
              "path": "/nix/store/sp8a7n50g32lzzsc7dz09ry2vc9bh4y0-jq-1.8.2-dev"
            },
            {
              "name": "doc",
              "path": "/nix/store/dp4rs4vpwp44c7vvgskj1hly0d6xqf2m-jq-1.8.2-doc"
            },
            {
              "name": "out",
              "path": "/nix/store/z438hrlp3j75bpmq87ymzabb8vrda8ps-jq-1.8.2"
            }
          ],
          "store_path": "/nix/store/4b6f9wb1qak318gk7mxlfkhril6lxpcx-jq-1.8.2-bin"
        }
      }
    },
    "lazygit@0.43.1": {
      "last_modified": "2024-08-31T10:12:23Z",
      "resolved": "github:NixOS/nixpkgs/5629520edecb69630a3f4d17d3d33fc96c13f6fe#lazygit",
      "source": "devbox-search",
      "version": "0.43.1",
      "systems": {
        "aarch64-darwin": {
          "outputs": [
            {
              "name": "out",
              "path": "/nix/store/i3ph5wvza4bib8n40aq8qm5g9cvlrfzy-lazygit-0.43.1",
              "default": true
            }
          ],
          "store_path": "/nix/store/i3ph5wvza4bib8n40aq8qm5g9cvlrfzy-lazygit-0.43.1"
        },
        "aarch64-linux": {
          "outputs": [
            {
              "name": "out",
              "path": "/nix/store/16by5f1zgwqjv2zzh4c99bdnii8z5mvz-lazygit-0.43.1",
              "default": true
            }
          ],
          "store_path": "/nix/store/16by5f1zgwqjv2zzh4c99bdnii8z5mvz-lazygit-0.43.1"
        },
        "x86_64-darwin": {
          "outputs": [
            {
              "name": "out",
              "path": "/nix/store/w928vakkrspbvw84jhhghj88m38qf692-lazygit-0.43.1",
              "default": true
            }
          ],
          "store_path": "/nix/store/w928vakkrspbvw84jhhghj88m38qf692-lazygit-0.43.1"
        },
        "x86_64-linux": {
          "outputs": [
            {
              "name": "out",
              "path": "/nix/store/vjxdb5nc09pr4va46g1mnck80wgf8q4p-lazygit-0.43.1",
              "default": true
            }
          ],
          "store_path": "/nix/store/vjxdb5nc09pr4va46g1mnck80wgf8q4p-lazygit-0.43.1"
        }
      }
    },
    "nodejs_22@latest": {
      "last_modified": "2026-08-01T16:34:20Z",
      "plugin_version": "0.0.4",
      "resolved": "github:NixOS/nixpkgs/a5cbcfe954791221bfffe2307f7d1a1bf61a871e#nodejs_22",
      "source": "devbox-search",
      "version": "22.23.2",
      "systems": {
        "aarch64-darwin": {
          "outputs": [
            {
              "name": "out",
              "path": "/nix/store/s0qzknz77k3lzikgywx2piilfp8w0581-nodejs-22.23.2",
              "default": true
            }
          ],
          "store_path": "/nix/store/s0qzknz77k3lzikgywx2piilfp8w0581-nodejs-22.23.2"
        },
        "aarch64-linux": {
          "outputs": [
            {
              "name": "out",
              "path": "/nix/store/i7dq81ramvcyrzasgv8qbf07rgfiqiai-nodejs-22.23.2",
              "default": true
            }
          ],
          "store_path": "/nix/store/i7dq81ramvcyrzasgv8qbf07rgfiqiai-nodejs-22.23.2"
        },
        "x86_64-linux": {
          "outputs": [
            {
              "name": "out",
              "path": "/nix/store/3vm4j8im8bzdal3dsgmhv9gb5kvanbp1-nodejs-22.23.2",
              "default": true
            }
          ],
          "store_path": "/nix/store/3vm4j8im8bzdal3dsgmhv9gb5kvanbp1-nodejs-22.23.2"
        }
      }
    },
    "pre-commit@3.7.1": {
      "last_modified": "2024-10-16T02:16:09Z",
      "resolved": "github:NixOS/nixpkgs/70cc7b62f2b448a487de36e1fd714693c59c4719#pre-commit",
      "source": "devbox-search",
      "version": "3.7.1",
      "systems": {
        "aarch64-darwin": {
          "outputs": [
            {
              "name": "out",
              "path": "/nix/store/flzj4pzl43m29ml7brh4gabw9rxrvrml-pre-commit-3.7.1",
              "default": true
            },
            {
              "name": "dist",
              "path": "/nix/store/87dhz8r6jwy3487h78bbivhw9mg8g8h9-pre-commit-3.7.1-dist"
            }
          ],
          "store_path": "/nix/store/flzj4pzl43m29ml7brh4gabw9rxrvrml-pre-commit-3.7.1"
        },
        "aarch64-linux": {
          "outputs": [
            {
              "name": "out",
              "path": "/nix/store/jddjbmxg9rlawirkr8pg9dlj0xma9w1q-pre-commit-3.7.1",
              "default": true
            },
            {
              "name": "dist",
              "path": "/nix/store/2lpy8sfhcnn33ia5c77g5gyg1zz6b0qg-pre-commit-3.7.1-dist"
            }
          ],
          "store_path": "/nix/store/jddjbmxg9rlawirkr8pg9dlj0xma9w1q-pre-commit-3.7.1"
        },
        "x86_64-darwin": {
          "outputs": [
            {
              "name": "out",
              "path": "/nix/store/2ycxh3vvj0b1bk2pgj84jg88l49hbwq3-pre-commit-3.7.1",
              "default": true
            },
            {
              "name": "dist",
              "path": "/nix/store/0wfmhzk48ziaw6vd26shy5mjazg9qsjc-pre-commit-3.7.1-dist"
            }
          ],
          "store_path": "/nix/store/2ycxh3vvj0b1bk2pgj84jg88l49hbwq3-pre-commit-3.7.1"
        },
        "x86_64-linux": {
          "outputs": [
            {
              "name": "out",
              "path": "/nix/store/zp9vk1y2fzlavzaz67ikipgh9hq58pxr-pre-commit-3.7.1",
              "default": true
            },
            {
              "name": "dist",
              "path": "/nix/store/k3hc0dqi88iik1n1kjc9ddp6rf9wp11v-pre-commit-3.7.1-dist"
            }
          ],
          "store_path": "/nix/store/zp9vk1y2fzlavzaz67ikipgh9hq58pxr-pre-commit-3.7.1"
        }
      }
    },
    "ripgrep@14.1.0": {
      "last_modified": "2024-08-31T10:12:23Z",
      "resolved": "github:NixOS/nixpkgs/5629520edecb69630a3f4d17d3d33fc96c13f6fe#ripgrep",
      "source": "devbox-search",
      "version": "14.1.0",
      "systems": {
        "aarch64-darwin": {
          "outputs": [
            {
              "name": "out",
              "path": "/nix/store/acs4kp4s0p7zh706r039pvbbdq4s900a-ripgrep-14.1.0",
              "default": true
            }
          ],
          "store_path": "/nix/store/acs4kp4s0p7zh706r039pvbbdq4s900a-ripgrep-14.1.0"
        },
        "aarch64-linux": {
          "outputs": [
            {
              "name": "out",
              "path": "/nix/store/4fbdhmm5801qla162pbrj2sxzdqvs49g-ripgrep-14.1.0",
              "default": true
            }
          ],
          "store_path": "/nix/store/4fbdhmm5801qla162pbrj2sxzdqvs49g-ripgrep-14.1.0"
        },
        "x86_64-darwin": {
          "outputs": [
            {
              "name": "out",
              "path": "/nix/store/7yn6divlcnzznx1ss93xbnklccfh14bi-ripgrep-14.1.0",
              "default": true
            }
          ],
          "store_path": "/nix/store/7yn6divlcnzznx1ss93xbnklccfh14bi-ripgrep-14.1.0"
        },
        "x86_64-linux": {
          "outputs": [
            {
              "name": "out",
              "path": "/nix/store/mng5a43lc9amknw93ds0ghkrcdwwh3vl-ripgrep-14.1.0",
              "default": true
            }
          ],
          "store_path": "/nix/store/mng5a43lc9amknw93ds0ghkrcdwwh3vl-ripgrep-14.1.0"
        }
      }
    },
    "tmux@3.4": {
      "last_modified": "2024-09-10T15:01:03Z",
      "resolved": "github:NixOS/nixpkgs/5ed627539ac84809c78b2dd6d26a5cebeb5ae269#tmux",
      "source": "devbox-search",
      "version": "3.4",
      "systems": {
        "aarch64-darwin": {
          "outputs": [
            {
              "name": "out",
              "path": "/nix/store/i2qcgjhhinmy7330mjhzv4zhkzgv4vpl-tmux-3.4",
              "default": true
            },
            {
              "name": "man",
              "path": "/nix/store/rvvj5fd8ix5nvnlhvr5nnrin3x5j4vfc-tmux-3.4-man",
              "default": true
            }
          ],
          "store_path": "/nix/store/i2qcgjhhinmy7330mjhzv4zhkzgv4vpl-tmux-3.4"
        },
        "aarch64-linux": {
          "outputs": [
            {
              "name": "out",
              "path": "/nix/store/lh0n9qvxsk1y022109zd6q3kyw1g2by9-tmux-3.4",
              "default": true
            },
            {
              "name": "man",
              "path": "/nix/store/q957sqaqgjl9vi4lq7l6xmcxciqlp7aw-tmux-3.4-man",
              "default": true
            }
          ],
          "store_path": "/nix/store/lh0n9qvxsk1y022109zd6q3kyw1g2by9-tmux-3.4"
        },
        "x86_64-darwin": {
          "outputs": [
            {
              "name": "out",
              "path": "/nix/store/xi4q2ksa7c56dd7w3m9b2lgf1kh9z8rm-tmux-3.4",
              "default": true
            },
            {
              "name": "man",
              "path": "/nix/store/2mpqw8j8vixpnr3k0l0kw8mif8lrry8p-tmux-3.4-man",
              "default": true
            }
          ],
          "store_path": "/nix/store/xi4q2ksa7c56dd7w3m9b2lgf1kh9z8rm-tmux-3.4"
        },
        "x86_64-linux": {
          "outputs": [
            {
              "name": "out",
              "path": "/nix/store/b9rynw53qcahdnp23df9h46qwvr40pld-tmux-3.4",
              "default": true
            },
            {
              "name": "man",
              "path": "/nix/store/pdc04qyy6fdrqa06g6lnxrv4db5n5qnc-tmux-3.4-man",
              "default": true
            }
          ],
          "store_path": "/nix/store/b9rynw53qcahdnp23df9h46qwvr40pld-tmux-3.4"
        }
      }
    },
    "tmuxp@1.47.0": {
      "last_modified": "2024-11-16T04:25:12Z",
      "resolved": "github:NixOS/nixpkgs/34a626458d686f1b58139620a8b2793e9e123bba#tmuxp",
      "source": "devbox-search",
      "version": "1.47.0",
      "systems": {
        "aarch64-darwin": {
          "outputs": [
            {
              "name": "out",
              "path": "/nix/store/d5bacd0dhcr0wmivi7f67xrfa38xd8b0-tmuxp-1.47.0",
              "default": true
            },
            {
              "name": "dist",
              "path": "/nix/store/yiih8msb7p7cnnzhfc02gdpbhv11n4z6-tmuxp-1.47.0-dist"
            }
          ],
          "store_path": "/nix/store/d5bacd0dhcr0wmivi7f67xrfa38xd8b0-tmuxp-1.47.0"
        },
        "aarch64-linux": {
          "outputs": [
            {
              "name": "out",
              "path": "/nix/store/910f95wh5fbhjbifx43ji0z21s5w889m-tmuxp-1.47.0",
              "default": true
            },
            {
              "name": "dist",
              "path": "/nix/store/jfxj2iclgf5lm21n830fn53i515gvm8m-tmuxp-1.47.0-dist"
            }
          ],
          "store_path": "/nix/store/910f95wh5fbhjbifx43ji0z21s5w889m-tmuxp-1.47.0"
        },
        "x86_64-darwin": {
          "outputs": [
            {
              "name": "out",
              "path": "/nix/store/0plkkn2n1a54ll8g5s0jlivgk41gq5yz-tmuxp-1.47.0",
              "default": true
            },
            {
              "name": "dist",
              "path": "/nix/store/z8bmbgddlgfqdrvshjg833pj0w8pl5sq-tmuxp-1.47.0-dist"
            }
          ],
          "store_path": "/nix/store/0plkkn2n1a54ll8g5s0jlivgk41gq5yz-tmuxp-1.47.0"
        },
        "x86_64-linux": {
          "outputs": [
            {
              "name": "out",
              "path": "/nix/store/ic8h55lgadwjk2cmm1c99bxqbf1gsdgh-tmuxp-1.47.0",
              "default": true
            },
            {
              "name": "dist",
              "path": "/nix/store/wp25iifa7p2hfd77ayhj931v0a23szlb-tmuxp-1.47.0-dist"
            }
          ],
          "store_path": "/nix/store/ic8h55lgadwjk2cmm1c99bxqbf1gsdgh-tmuxp-1.47.0"
        }
      }
    }
  }
}
